
Microsoft Visual Studio Solution File, Format Version 12.00
# Visual Studio Version 16
VisualStudioVersion = 25.0.1705.5
MinimumVisualStudioVersion = 10.0.40219.1
Project("{FAE04EC0-301F-11D3-BF4B-00C04F79EFBC}") = "WMSProject", "WMSProject\WMSProject.csproj", "{B1AECC15-0B4C-4DAF-9B7B-59D27541D72F}"
EndProject
Global
	GlobalSection(SolutionConfigurationPlatforms) = preSolution
		Debug|Any CPU = Debug|Any CPU
		Release|Any CPU = Release|Any CPU
	EndGlobalSection
	GlobalSection(ProjectConfigurationPlatforms) = postSolution
		{B1AECC15-0B4C-4DAF-9B7B-59D27541D72F}.Debug|Any CPU.ActiveCfg = Debug|Any CPU
		{B1AECC15-0B4C-4DAF-9B7B-59D27541D72F}.Debug|Any CPU.Build.0 = Debug|Any CPU
		{B1AECC15-0B4C-4DAF-9B7B-59D27541D72F}.Release|Any CPU.ActiveCfg = Release|Any CPU
		{B1AECC15-0B4C-4DAF-9B7B-59D27541D72F}.Release|Any CPU.Build.0 = Release|Any CPU
	EndGlobalSection
	GlobalSection(SolutionProperties) = preSolution
		HideSolutionNode = FALSE
	EndGlobalSection
	GlobalSection(ExtensibilityGlobals) = postSolution
		SolutionGuid = {159F05CF-7DA7-4166-BC1B-7186E16FAE0A}
	EndGlobalSection
EndGlobal
